
Microsoft Visual Studio Solution File, Format Version 12.00
# Visual Studio 15
VisualStudioVersion = 15.0.27703.2035
MinimumVisualStudioVersion = 10.0.40219.1
Project("{8BC9CEB8-8B4A-11D0-8D11-00A0C91BC942}") = "TextGame", "TextGame\TextGame.vcxproj", "{F729415E-1AE6-49CC-9816-303DFA674040}"
EndProject
Global
	GlobalSection(SolutionConfigurationPlatforms) = preSolution
		Debug|x64 = Debug|x64
		Debug|x86 = Debug|x86
		Release|x64 = Release|x64
		Release|x86 = Release|x86
	EndGlobalSection
	GlobalSection(ProjectConfigurationPlatforms) = postSolution
		{F729415E-1AE6-49CC-9816-303DFA674040}.Debug|x64.ActiveCfg = Debug|x64
		{F729415E-1AE6-49CC-9816-303DFA674040}.Debug|x64.Build.0 = Debug|x64
		{F729415E-1AE6-49CC-9816-303DFA674040}.Debug|x86.ActiveCfg = Debug|Win32
		{F729415E-1AE6-49CC-9816-303DFA674040}.Debug|x86.Build.0 = Debug|Win32
		{F729415E-1AE6-49CC-9816-303DFA674040}.Release|x64.ActiveCfg = Release|x64
		{F729415E-1AE6-49CC-9816-303DFA674040}.Release|x64.Build.0 = Release|x64
		{F729415E-1AE6-49CC-9816-303DFA674040}.Release|x86.ActiveCfg = Release|Win32
		{F729415E-1AE6-49CC-9816-303DFA674040}.Release|x86.Build.0 = Release|Win32
	EndGlobalSection
	GlobalSection(SolutionProperties) = preSolution
		HideSolutionNode = FALSE
	EndGlobalSection
	GlobalSection(ExtensibilityGlobals) = postSolution
		SolutionGuid = {01940E9F-F03D-44F0-A0A3-A8244605B2C7}
	EndGlobalSection
EndGlobal
